
Microsoft Visual Studio Solution File, Format Version 12.00
# Visual Studio Version 17
VisualStudioVersion = 17.4.33122.133
MinimumVisualStudioVersion = 10.0.40219.1
Project("{2150E333-8FDC-42A3-9474-1A3956D46DE8}") = "src", "src", "{163608F1-D8F5-4C35-8866-6867E9CF63D1}"
EndProject
Project("{2150E333-8FDC-42A3-9474-1A3956D46DE8}") = "Solution Items", "Solution Items", "{BC1F9B52-3733-4FCE-B21C-BDC9DD90B856}"
	ProjectSection(SolutionItems) = preProject
		README.md = README.md
	EndProjectSection
EndProject
Project("{2150E333-8FDC-42A3-9474-1A3956D46DE8}") = "ApiGateways", "ApiGateways", "{1425A735-1870-4ABC-9477-CF1B9FF4F419}"
EndProject
Project("{2150E333-8FDC-42A3-9474-1A3956D46DE8}") = "Web.Bff", "Web.Bff", "{AAAB1049-5045-4DC4-9CBD-8A3534643E3D}"
EndProject
Project("{2150E333-8FDC-42A3-9474-1A3956D46DE8}") = "BuildingBlocks", "BuildingBlocks", "{638D837C-64C6-44A3-98CC-372402CB4FDA}"
EndProject
Project("{2150E333-8FDC-42A3-9474-1A3956D46DE8}") = "Services", "Services", "{E1AE04C8-727F-49D9-B16B-A26B6CFDDFF6}"
EndProject
Project("{9A19103F-16F7-4668-BE54-9A1E7A4F7556}") = "Web.HttpAggregator", "src\ApiGateways\Web.Bff\Web.HttpAggregator\Web.HttpAggregator.csproj", "{02BD9623-76C5-4BC9-9D32-D802C97DAA4A}"
EndProject
Project("{2150E333-8FDC-42A3-9474-1A3956D46DE8}") = "Chat", "Chat", "{C8A4691B-676F-4290-A6D1-F348F65BF8D8}"
EndProject
Project("{9A19103F-16F7-4668-BE54-9A1E7A4F7556}") = "Chat.Api", "src\Services\Chat\Chat.Api\Chat.Api.csproj", "{5A801528-2D8C-44EF-8CB9-F24FC3AB98A9}"
EndProject
Project("{9A19103F-16F7-4668-BE54-9A1E7A4F7556}") = "Chat.Domain", "src\Services\Chat\Chat.Domain\Chat.Domain.csproj", "{0048C76E-8805-4102-A077-AF90D1AEBC3E}"
EndProject
Project("{9A19103F-16F7-4668-BE54-9A1E7A4F7556}") = "Chat.Infrastructure", "src\Services\Chat\Chat.Infrastructure\Chat.Infrastructure.csproj", "{F44499A3-2EF7-4434-95B7-2BA73223DB38}"
EndProject
Project("{2150E333-8FDC-42A3-9474-1A3956D46DE8}") = "Common", "Common", "{EE652FE2-BDB2-4D0F-8D18-15885DE79341}"
EndProject
Project("{9A19103F-16F7-4668-BE54-9A1E7A4F7556}") = "Shared", "src\BuildingBlocks\Common\Shared\Shared.csproj", "{113FAAAA-8D9D-49D0-9C4A-4D925A0B54B6}"
EndProject
Project("{9A19103F-16F7-4668-BE54-9A1E7A4F7556}") = "Dtos", "src\BuildingBlocks\Common\Dtos\Dtos.csproj", "{A6ED5F9E-543F-4621-9C7D-6D3B170BD979}"
EndProject
Project("{E53339B2-1760-4266-BCC7-CA923CBCF16C}") = "docker-compose", "docker-compose.dcproj", "{FA9665CD-B4EB-4879-81F3-54D47AD8B1AE}"
EndProject
Project("{9A19103F-16F7-4668-BE54-9A1E7A4F7556}") = "Chat.DbTestMigrator", "src\Services\Chat\Chat.DbTestMigrator\Chat.DbTestMigrator.csproj", "{89ED798C-729E-499F-A5DF-5F5E7B36BCB4}"
EndProject
Project("{2150E333-8FDC-42A3-9474-1A3956D46DE8}") = "Cache", "Cache", "{0DB98EEF-98FA-4A55-A9B9-F7F5244499C5}"
EndProject
Project("{9A19103F-16F7-4668-BE54-9A1E7A4F7556}") = "Chat.UnitTests", "src\Services\Chat\Chat.UnitTests\Chat.UnitTests.csproj", "{AABF2B2E-C10C-4323-AA34-1039FC2AD424}"
EndProject
Project("{9A19103F-16F7-4668-BE54-9A1E7A4F7556}") = "Chat.IntegrationTests", "src\Services\Chat\Chat.IntegrationTests\Chat.IntegrationTests.csproj", "{067DD2AB-EA9E-4D0C-B527-B7A0A8AF15D4}"
EndProject
Project("{2150E333-8FDC-42A3-9474-1A3956D46DE8}") = "EventBus", "EventBus", "{3B2D68A9-8B2A-4C2A-A129-6E4D88FC49BD}"
EndProject
Project("{2150E333-8FDC-42A3-9474-1A3956D46DE8}") = "Clients", "Clients", "{58D82C1C-F2EC-49DC-97EE-DCDB8BCFF116}"
EndProject
Global
	GlobalSection(SolutionConfigurationPlatforms) = preSolution
		Debug|Any CPU = Debug|Any CPU
		Release|Any CPU = Release|Any CPU
	EndGlobalSection
	GlobalSection(ProjectConfigurationPlatforms) = postSolution
		{02BD9623-76C5-4BC9-9D32-D802C97DAA4A}.Debug|Any CPU.ActiveCfg = Debug|Any CPU
		{02BD9623-76C5-4BC9-9D32-D802C97DAA4A}.Debug|Any CPU.Build.0 = Debug|Any CPU
		{02BD9623-76C5-4BC9-9D32-D802C97DAA4A}.Release|Any CPU.ActiveCfg = Release|Any CPU
		{02BD9623-76C5-4BC9-9D32-D802C97DAA4A}.Release|Any CPU.Build.0 = Release|Any CPU
		{5A801528-2D8C-44EF-8CB9-F24FC3AB98A9}.Debug|Any CPU.ActiveCfg = Debug|Any CPU
		{5A801528-2D8C-44EF-8CB9-F24FC3AB98A9}.Debug|Any CPU.Build.0 = Debug|Any CPU
		{5A801528-2D8C-44EF-8CB9-F24FC3AB98A9}.Release|Any CPU.ActiveCfg = Release|Any CPU
		{5A801528-2D8C-44EF-8CB9-F24FC3AB98A9}.Release|Any CPU.Build.0 = Release|Any CPU
		{0048C76E-8805-4102-A077-AF90D1AEBC3E}.Debug|Any CPU.ActiveCfg = Debug|Any CPU
		{0048C76E-8805-4102-A077-AF90D1AEBC3E}.Debug|Any CPU.Build.0 = Debug|Any CPU
		{0048C76E-8805-4102-A077-AF90D1AEBC3E}.Release|Any CPU.ActiveCfg = Release|Any CPU
		{0048C76E-8805-4102-A077-AF90D1AEBC3E}.Release|Any CPU.Build.0 = Release|Any CPU
		{F44499A3-2EF7-4434-95B7-2BA73223DB38}.Debug|Any CPU.ActiveCfg = Debug|Any CPU
		{F44499A3-2EF7-4434-95B7-2BA73223DB38}.Debug|Any CPU.Build.0 = Debug|Any CPU
		{F44499A3-2EF7-4434-95B7-2BA73223DB38}.Release|Any CPU.ActiveCfg = Release|Any CPU
		{F44499A3-2EF7-4434-95B7-2BA73223DB38}.Release|Any CPU.Build.0 = Release|Any CPU
		{113FAAAA-8D9D-49D0-9C4A-4D925A0B54B6}.Debug|Any CPU.ActiveCfg = Debug|Any CPU
		{113FAAAA-8D9D-49D0-9C4A-4D925A0B54B6}.Debug|Any CPU.Build.0 = Debug|Any CPU
		{113FAAAA-8D9D-49D0-9C4A-4D925A0B54B6}.Release|Any CPU.ActiveCfg = Release|Any CPU
		{113FAAAA-8D9D-49D0-9C4A-4D925A0B54B6}.Release|Any CPU.Build.0 = Release|Any CPU
		{A6ED5F9E-543F-4621-9C7D-6D3B170BD979}.Debug|Any CPU.ActiveCfg = Debug|Any CPU
		{A6ED5F9E-543F-4621-9C7D-6D3B170BD979}.Debug|Any CPU.Build.0 = Debug|Any CPU
		{A6ED5F9E-543F-4621-9C7D-6D3B170BD979}.Release|Any CPU.ActiveCfg = Release|Any CPU
		{A6ED5F9E-543F-4621-9C7D-6D3B170BD979}.Release|Any CPU.Build.0 = Release|Any CPU
		{FA9665CD-B4EB-4879-81F3-54D47AD8B1AE}.Debug|Any CPU.ActiveCfg = Debug|Any CPU
		{FA9665CD-B4EB-4879-81F3-54D47AD8B1AE}.Debug|Any CPU.Build.0 = Debug|Any CPU
		{FA9665CD-B4EB-4879-81F3-54D47AD8B1AE}.Release|Any CPU.ActiveCfg = Release|Any CPU
		{FA9665CD-B4EB-4879-81F3-54D47AD8B1AE}.Release|Any CPU.Build.0 = Release|Any CPU
		{89ED798C-729E-499F-A5DF-5F5E7B36BCB4}.Debug|Any CPU.ActiveCfg = Debug|Any CPU
		{89ED798C-729E-499F-A5DF-5F5E7B36BCB4}.Debug|Any CPU.Build.0 = Debug|Any CPU
		{89ED798C-729E-499F-A5DF-5F5E7B36BCB4}.Release|Any CPU.ActiveCfg = Release|Any CPU
		{89ED798C-729E-499F-A5DF-5F5E7B36BCB4}.Release|Any CPU.Build.0 = Release|Any CPU
		{AABF2B2E-C10C-4323-AA34-1039FC2AD424}.Debug|Any CPU.ActiveCfg = Debug|Any CPU
		{AABF2B2E-C10C-4323-AA34-1039FC2AD424}.Debug|Any CPU.Build.0 = Debug|Any CPU
		{AABF2B2E-C10C-4323-AA34-1039FC2AD424}.Release|Any CPU.ActiveCfg = Release|Any CPU
		{AABF2B2E-C10C-4323-AA34-1039FC2AD424}.Release|Any CPU.Build.0 = Release|Any CPU
		{067DD2AB-EA9E-4D0C-B527-B7A0A8AF15D4}.Debug|Any CPU.ActiveCfg = Debug|Any CPU
		{067DD2AB-EA9E-4D0C-B527-B7A0A8AF15D4}.Debug|Any CPU.Build.0 = Debug|Any CPU
		{067DD2AB-EA9E-4D0C-B527-B7A0A8AF15D4}.Release|Any CPU.ActiveCfg = Release|Any CPU
		{067DD2AB-EA9E-4D0C-B527-B7A0A8AF15D4}.Release|Any CPU.Build.0 = Release|Any CPU
	EndGlobalSection
	GlobalSection(SolutionProperties) = preSolution
		HideSolutionNode = FALSE
	EndGlobalSection
	GlobalSection(NestedProjects) = preSolution
		{1425A735-1870-4ABC-9477-CF1B9FF4F419} = {163608F1-D8F5-4C35-8866-6867E9CF63D1}
		{AAAB1049-5045-4DC4-9CBD-8A3534643E3D} = {1425A735-1870-4ABC-9477-CF1B9FF4F419}
		{638D837C-64C6-44A3-98CC-372402CB4FDA} = {163608F1-D8F5-4C35-8866-6867E9CF63D1}
		{E1AE04C8-727F-49D9-B16B-A26B6CFDDFF6} = {163608F1-D8F5-4C35-8866-6867E9CF63D1}
		{02BD9623-76C5-4BC9-9D32-D802C97DAA4A} = {AAAB1049-5045-4DC4-9CBD-8A3534643E3D}
		{C8A4691B-676F-4290-A6D1-F348F65BF8D8} = {E1AE04C8-727F-49D9-B16B-A26B6CFDDFF6}
		{5A801528-2D8C-44EF-8CB9-F24FC3AB98A9} = {C8A4691B-676F-4290-A6D1-F348F65BF8D8}
		{0048C76E-8805-4102-A077-AF90D1AEBC3E} = {C8A4691B-676F-4290-A6D1-F348F65BF8D8}
		{F44499A3-2EF7-4434-95B7-2BA73223DB38} = {C8A4691B-676F-4290-A6D1-F348F65BF8D8}
		{EE652FE2-BDB2-4D0F-8D18-15885DE79341} = {638D837C-64C6-44A3-98CC-372402CB4FDA}
		{113FAAAA-8D9D-49D0-9C4A-4D925A0B54B6} = {EE652FE2-BDB2-4D0F-8D18-15885DE79341}
		{A6ED5F9E-543F-4621-9C7D-6D3B170BD979} = {EE652FE2-BDB2-4D0F-8D18-15885DE79341}
		{89ED798C-729E-499F-A5DF-5F5E7B36BCB4} = {C8A4691B-676F-4290-A6D1-F348F65BF8D8}
		{0DB98EEF-98FA-4A55-A9B9-F7F5244499C5} = {638D837C-64C6-44A3-98CC-372402CB4FDA}
		{AABF2B2E-C10C-4323-AA34-1039FC2AD424} = {C8A4691B-676F-4290-A6D1-F348F65BF8D8}
		{067DD2AB-EA9E-4D0C-B527-B7A0A8AF15D4} = {C8A4691B-676F-4290-A6D1-F348F65BF8D8}
		{3B2D68A9-8B2A-4C2A-A129-6E4D88FC49BD} = {638D837C-64C6-44A3-98CC-372402CB4FDA}
		{58D82C1C-F2EC-49DC-97EE-DCDB8BCFF116} = {163608F1-D8F5-4C35-8866-6867E9CF63D1}
	EndGlobalSection
	GlobalSection(ExtensibilityGlobals) = postSolution
		SolutionGuid = {B9D14D90-D67D-4AE8-92A3-CDB84260240B}
	EndGlobalSection
EndGlobal
